
Microsoft Visual Studio Solution File, Format Version 12.00
# Visual Studio Version 16
VisualStudioVersion = 16.0.33927.289
MinimumVisualStudioVersion = 10.0.40219.1
Project("{2150E333-8FDC-42A3-9474-1A3956D46DE8}") = "Task0", "Task0", "{70E071F1-C964-4E15-B6BD-2CA86F413C34}"
EndProject
Project("{FAE04EC0-301F-11D3-BF4B-00C04F79EFBC}") = "Tyuiu.PyatkovaAYu.Task0.V0", "Tyuiu.PyatkovaAYu.Task0.V0\Tyuiu.PyatkovaAYu.Task0.V0.csproj", "{82057451-D7C0-4C21-A0C6-EA62756CDCDD}"
EndProject
Project("{2150E333-8FDC-42A3-9474-1A3956D46DE8}") = "Task1", "Task1", "{0C9D8A38-EF5A-4AC7-A858-B31568CAD4EC}"
EndProject
Project("{FAE04EC0-301F-11D3-BF4B-00C04F79EFBC}") = "Tyuiu.PyatkovaAYu.Sprint0.Task1.V0", "Tyuiu.PyatkovaAYu.Sprint0.Task1.V0\Tyuiu.PyatkovaAYu.Sprint0.Task1.V0.csproj", "{7CEB1F8B-73AE-4528-A006-2B38536DD2DE}"
EndProject
Global
	GlobalSection(SolutionConfigurationPlatforms) = preSolution
		Debug|Any CPU = Debug|Any CPU
		Release|Any CPU = Release|Any CPU
	EndGlobalSection
	GlobalSection(ProjectConfigurationPlatforms) = postSolution
		{82057451-D7C0-4C21-A0C6-EA62756CDCDD}.Debug|Any CPU.ActiveCfg = Debug|Any CPU
		{82057451-D7C0-4C21-A0C6-EA62756CDCDD}.Debug|Any CPU.Build.0 = Debug|Any CPU
		{82057451-D7C0-4C21-A0C6-EA62756CDCDD}.Release|Any CPU.ActiveCfg = Release|Any CPU
		{82057451-D7C0-4C21-A0C6-EA62756CDCDD}.Release|Any CPU.Build.0 = Release|Any CPU
		{7CEB1F8B-73AE-4528-A006-2B38536DD2DE}.Debug|Any CPU.ActiveCfg = Debug|Any CPU
		{7CEB1F8B-73AE-4528-A006-2B38536DD2DE}.Debug|Any CPU.Build.0 = Debug|Any CPU
		{7CEB1F8B-73AE-4528-A006-2B38536DD2DE}.Release|Any CPU.ActiveCfg = Release|Any CPU
		{7CEB1F8B-73AE-4528-A006-2B38536DD2DE}.Release|Any CPU.Build.0 = Release|Any CPU
	EndGlobalSection
	GlobalSection(SolutionProperties) = preSolution
		HideSolutionNode = FALSE
	EndGlobalSection
	GlobalSection(NestedProjects) = preSolution
		{82057451-D7C0-4C21-A0C6-EA62756CDCDD} = {70E071F1-C964-4E15-B6BD-2CA86F413C34}
		{7CEB1F8B-73AE-4528-A006-2B38536DD2DE} = {0C9D8A38-EF5A-4AC7-A858-B31568CAD4EC}
	EndGlobalSection
	GlobalSection(ExtensibilityGlobals) = postSolution
		SolutionGuid = {1E52E37F-68E4-4E9D-927A-D077C84B30D2}
	EndGlobalSection
EndGlobal
