
Microsoft Visual Studio Solution File, Format Version 12.00
# Visual Studio Version 16
VisualStudioVersion = 16.0.33927.289
MinimumVisualStudioVersion = 10.0.40219.1
Project("{2150E333-8FDC-42A3-9474-1A3956D46DE8}") = "Task0", "Task0", "{70E071F1-C964-4E15-B6BD-2CA86F413C34}"
EndProject
Project("{FAE04EC0-301F-11D3-BF4B-00C04F79EFBC}") = "Tyuiu.PyatkovaAYu.Task0.V0", "Tyuiu.PyatkovaAYu.Task0.V0\Tyuiu.PyatkovaAYu.Task0.V0.csproj", "{82057451-D7C0-4C21-A0C6-EA62756CDCDD}"
EndProject
Project("{2150E333-8FDC-42A3-9474-1A3956D46DE8}") = "Task1", "Task1", "{0C9D8A38-EF5A-4AC7-A858-B31568CAD4EC}"
EndProject
Project("{FAE04EC0-301F-11D3-BF4B-00C04F79EFBC}") = "Tyuiu.PyatkovaAYu.Sprint0.Task1.V0", "Tyuiu.PyatkovaAYu.Sprint0.Task1.V0\Tyuiu.PyatkovaAYu.Sprint0.Task1.V0.csproj", "{7CEB1F8B-73AE-4528-A006-2B38536DD2DE}"
EndProject
Project("{2150E333-8FDC-42A3-9474-1A3956D46DE8}") = "Task2", "Task2", "{046F71FF-4CBC-4DAD-B159-10AE6B78E527}"
EndProject
Project("{FAE04EC0-301F-11D3-BF4B-00C04F79EFBC}") = "Tyuiu.PyatkovaAYu.Sprint0.Task2.V0", "Tyuiu.PyatkovaAYu.Sprint0.Task2.V0\Tyuiu.PyatkovaAYu.Sprint0.Task2.V0.csproj", "{8C819B55-99DA-4032-BC19-105B46B03378}"
EndProject
Project("{FAE04EC0-301F-11D3-BF4B-00C04F79EFBC}") = "Tyuiu.PyatkovaAYu.Sprint0.Task2.V0.Lib", "Tyuiu.PyatkovaAYu.Sprint0.Task2.V0.Lib\Tyuiu.PyatkovaAYu.Sprint0.Task2.V0.Lib.csproj", "{86A225DC-0EBD-4490-85E4-62A4D31C4EFC}"
EndProject
Project("{FAE04EC0-301F-11D3-BF4B-00C04F79EFBC}") = "Tyuiu.PyatkovaAYu.Sprint0.Task2.V0.Test", "Tyuiu.PyatkovaAYu.Sprint0.Task2.V0.Test\Tyuiu.PyatkovaAYu.Sprint0.Task2.V0.Test.csproj", "{6913B08E-6409-42AF-947B-893954F80619}"
EndProject
Project("{2150E333-8FDC-42A3-9474-1A3956D46DE8}") = "Task3", "Task3", "{E90793C5-AB2D-4D68-8EFC-F6AD0E6E7A39}"
EndProject
Project("{FAE04EC0-301F-11D3-BF4B-00C04F79EFBC}") = "Tyuiu.PyatkovaAYu.Sprint0.Task3.V0", "Tyuiu.PyatkovaAYu.Sprint0.Task3.V0\Tyuiu.PyatkovaAYu.Sprint0.Task3.V0.csproj", "{B55CC9F1-5111-40BD-91D7-57DB10957A8C}"
EndProject
Project("{FAE04EC0-301F-11D3-BF4B-00C04F79EFBC}") = "Tyuiu.PyatkovaAYu.Sprint0.Task3.V0.Lib", "Tyuiu.PyatkovaAYu.Sprint0.Task3.V0.Lib\Tyuiu.PyatkovaAYu.Sprint0.Task3.V0.Lib.csproj", "{4C765104-6F23-4271-BEBE-D5CC15B3FEE0}"
EndProject
Project("{FAE04EC0-301F-11D3-BF4B-00C04F79EFBC}") = "Tyuiu.PyatkovaAYu.Sprint0.Task3.V0.Test", "Tyuiu.PyatkovaAYu.Sprint0.Task3.V0.Test\Tyuiu.PyatkovaAYu.Sprint0.Task3.V0.Test.csproj", "{6FE524B3-F94C-429A-9C37-BEBDDEA67FFE}"
EndProject
Project("{2150E333-8FDC-42A3-9474-1A3956D46DE8}") = "Task4", "Task4", "{685F8C9D-17F5-4D82-8C0D-68B9211FE89D}"
EndProject
Project("{FAE04EC0-301F-11D3-BF4B-00C04F79EFBC}") = "Tyuiu.PyatkovaAYu.Sprint0.Task4.V0", "Tyuiu.PyatkovaAYu.Sprint0.Task4.V0\Tyuiu.PyatkovaAYu.Sprint0.Task4.V0.csproj", "{8A3015A2-07CE-45DD-A9F9-168FE551DA97}"
EndProject
Project("{FAE04EC0-301F-11D3-BF4B-00C04F79EFBC}") = "Tyuiu.PyatkovaAYu.Sprint0.Task4.V0.Lib", "Tyuiu.PyatkovaAYu.Sprint0.Task4.V0.Lib\Tyuiu.PyatkovaAYu.Sprint0.Task4.V0.Lib.csproj", "{9D3DACB6-4002-4D0E-8C4D-A000CB07504E}"
EndProject
Project("{FAE04EC0-301F-11D3-BF4B-00C04F79EFBC}") = "Tyuiu.PyatkovaAYu.Sprint0.Task4.V0.Test", "Tyuiu.PyatkovaAYu.Sprint0.Task4.V0.Test\Tyuiu.PyatkovaAYu.Sprint0.Task4.V0.Test.csproj", "{4CFCB2F6-BAB3-400C-BD18-9FF2F94B4168}"
EndProject
Project("{2150E333-8FDC-42A3-9474-1A3956D46DE8}") = "Task5", "Task5", "{CCDAD82F-D27C-47E2-9AAB-95ACDC2E15A0}"
EndProject
Project("{FAE04EC0-301F-11D3-BF4B-00C04F79EFBC}") = "Tyuiu.PyatkovaAYu.Sprint0.Task5.V0", "Tyuiu.PyatkovaAYu.Sprint0.Task5.V0\Tyuiu.PyatkovaAYu.Sprint0.Task5.V0.csproj", "{D5E57D40-B1B4-4FCF-8BAA-4713F064B628}"
EndProject
Project("{FAE04EC0-301F-11D3-BF4B-00C04F79EFBC}") = "Tyuiu.PyatkovaAYu.Sprint0.Task5.V0.Lib", "Tyuiu.PyatkovaAYu.Sprint0.Task5.V0.Lib\Tyuiu.PyatkovaAYu.Sprint0.Task5.V0.Lib.csproj", "{95B34CED-D6A9-454A-9CA9-155B73F51862}"
EndProject
Project("{FAE04EC0-301F-11D3-BF4B-00C04F79EFBC}") = "Tyuiu.PyatkovaAYu.Sprint0.Task5.V0.Test", "Tyuiu.PyatkovaAYu.Sprint0.Task5.V0.Test\Tyuiu.PyatkovaAYu.Sprint0.Task5.V0.Test.csproj", "{443F7DB6-F4DD-4D5C-B9A6-D81CFDC1DCD9}"
EndProject
Project("{2150E333-8FDC-42A3-9474-1A3956D46DE8}") = "Task6", "Task6", "{B4C2B11B-C84D-42AF-8F79-E703D9A4F5E3}"
EndProject
Project("{FAE04EC0-301F-11D3-BF4B-00C04F79EFBC}") = "Tyuiu.PyatkovaAYu.Sprint0.Task6.V0", "Tyuiu.PyatkovaAYu.Sprint0.Task6.V0\Tyuiu.PyatkovaAYu.Sprint0.Task6.V0.csproj", "{BDF53EBD-91FB-4E29-B93E-88F3869F05D5}"
EndProject
Project("{FAE04EC0-301F-11D3-BF4B-00C04F79EFBC}") = "Tyuiu.PyatkovaAYu.Sprint0.Task6.V0.Lib", "Tyuiu.PyatkovaAYu.Sprint0.Task6.V0.Lib\Tyuiu.PyatkovaAYu.Sprint0.Task6.V0.Lib.csproj", "{D53F502E-0D40-4C17-B04C-2BEDF2720718}"
EndProject
Project("{FAE04EC0-301F-11D3-BF4B-00C04F79EFBC}") = "Tyuiu.PyatkovaAYu.Sprint0.Task6.V0.Test", "Tyuiu.PyatkovaAYu.Sprint0.Task6.V0.Test\Tyuiu.PyatkovaAYu.Sprint0.Task6.V0.Test.csproj", "{85C9DEE2-9BF6-43E4-AE3B-3A952FFD6A6E}"
EndProject
Project("{2150E333-8FDC-42A3-9474-1A3956D46DE8}") = "Task7", "Task7", "{FE84FE40-BA77-4120-BC83-E074A39F24FD}"
EndProject
Project("{FAE04EC0-301F-11D3-BF4B-00C04F79EFBC}") = "Tyuiu.PyatkovaAYu.Sprint0.Task7.V0", "Tyuiu.PyatkovaAYu.Sprint0.Task7.V0\Tyuiu.PyatkovaAYu.Sprint0.Task7.V0.csproj", "{32F647D9-7538-4C76-8E84-A5778CC9B847}"
EndProject
Project("{FAE04EC0-301F-11D3-BF4B-00C04F79EFBC}") = "Tyuiu.PyatkovaAYu.Sprint0.Task7.V0.Lib", "Tyuiu.PyatkovaAYu.Sprint0.Task7.V0.Lib\Tyuiu.PyatkovaAYu.Sprint0.Task7.V0.Lib.csproj", "{E7C5DD14-D706-4AF1-A89D-38C82F4A4A86}"
EndProject
Project("{FAE04EC0-301F-11D3-BF4B-00C04F79EFBC}") = "Tyuiu.PyatkovaAYu.Sprint0.Task7.V0.Test", "Tyuiu.PyatkovaAYu.Sprint0.Task7.V0.Test\Tyuiu.PyatkovaAYu.Sprint0.Task7.V0.Test.csproj", "{FE55D0C1-AE0B-4187-892F-49B3CD9176D3}"
EndProject
Global
	GlobalSection(SolutionConfigurationPlatforms) = preSolution
		Debug|Any CPU = Debug|Any CPU
		Release|Any CPU = Release|Any CPU
	EndGlobalSection
	GlobalSection(ProjectConfigurationPlatforms) = postSolution
		{82057451-D7C0-4C21-A0C6-EA62756CDCDD}.Debug|Any CPU.ActiveCfg = Debug|Any CPU
		{82057451-D7C0-4C21-A0C6-EA62756CDCDD}.Debug|Any CPU.Build.0 = Debug|Any CPU
		{82057451-D7C0-4C21-A0C6-EA62756CDCDD}.Release|Any CPU.ActiveCfg = Release|Any CPU
		{82057451-D7C0-4C21-A0C6-EA62756CDCDD}.Release|Any CPU.Build.0 = Release|Any CPU
		{7CEB1F8B-73AE-4528-A006-2B38536DD2DE}.Debug|Any CPU.ActiveCfg = Debug|Any CPU
		{7CEB1F8B-73AE-4528-A006-2B38536DD2DE}.Debug|Any CPU.Build.0 = Debug|Any CPU
		{7CEB1F8B-73AE-4528-A006-2B38536DD2DE}.Release|Any CPU.ActiveCfg = Release|Any CPU
		{7CEB1F8B-73AE-4528-A006-2B38536DD2DE}.Release|Any CPU.Build.0 = Release|Any CPU
		{8C819B55-99DA-4032-BC19-105B46B03378}.Debug|Any CPU.ActiveCfg = Debug|Any CPU
		{8C819B55-99DA-4032-BC19-105B46B03378}.Debug|Any CPU.Build.0 = Debug|Any CPU
		{8C819B55-99DA-4032-BC19-105B46B03378}.Release|Any CPU.ActiveCfg = Release|Any CPU
		{8C819B55-99DA-4032-BC19-105B46B03378}.Release|Any CPU.Build.0 = Release|Any CPU
		{86A225DC-0EBD-4490-85E4-62A4D31C4EFC}.Debug|Any CPU.ActiveCfg = Debug|Any CPU
		{86A225DC-0EBD-4490-85E4-62A4D31C4EFC}.Debug|Any CPU.Build.0 = Debug|Any CPU
		{86A225DC-0EBD-4490-85E4-62A4D31C4EFC}.Release|Any CPU.ActiveCfg = Release|Any CPU
		{86A225DC-0EBD-4490-85E4-62A4D31C4EFC}.Release|Any CPU.Build.0 = Release|Any CPU
		{6913B08E-6409-42AF-947B-893954F80619}.Debug|Any CPU.ActiveCfg = Debug|Any CPU
		{6913B08E-6409-42AF-947B-893954F80619}.Debug|Any CPU.Build.0 = Debug|Any CPU
		{6913B08E-6409-42AF-947B-893954F80619}.Release|Any CPU.ActiveCfg = Release|Any CPU
		{6913B08E-6409-42AF-947B-893954F80619}.Release|Any CPU.Build.0 = Release|Any CPU
		{B55CC9F1-5111-40BD-91D7-57DB10957A8C}.Debug|Any CPU.ActiveCfg = Debug|Any CPU
		{B55CC9F1-5111-40BD-91D7-57DB10957A8C}.Debug|Any CPU.Build.0 = Debug|Any CPU
		{B55CC9F1-5111-40BD-91D7-57DB10957A8C}.Release|Any CPU.ActiveCfg = Release|Any CPU
		{B55CC9F1-5111-40BD-91D7-57DB10957A8C}.Release|Any CPU.Build.0 = Release|Any CPU
		{4C765104-6F23-4271-BEBE-D5CC15B3FEE0}.Debug|Any CPU.ActiveCfg = Debug|Any CPU
		{4C765104-6F23-4271-BEBE-D5CC15B3FEE0}.Debug|Any CPU.Build.0 = Debug|Any CPU
		{4C765104-6F23-4271-BEBE-D5CC15B3FEE0}.Release|Any CPU.ActiveCfg = Release|Any CPU
		{4C765104-6F23-4271-BEBE-D5CC15B3FEE0}.Release|Any CPU.Build.0 = Release|Any CPU
		{6FE524B3-F94C-429A-9C37-BEBDDEA67FFE}.Debug|Any CPU.ActiveCfg = Debug|Any CPU
		{6FE524B3-F94C-429A-9C37-BEBDDEA67FFE}.Debug|Any CPU.Build.0 = Debug|Any CPU
		{6FE524B3-F94C-429A-9C37-BEBDDEA67FFE}.Release|Any CPU.ActiveCfg = Release|Any CPU
		{6FE524B3-F94C-429A-9C37-BEBDDEA67FFE}.Release|Any CPU.Build.0 = Release|Any CPU
		{8A3015A2-07CE-45DD-A9F9-168FE551DA97}.Debug|Any CPU.ActiveCfg = Debug|Any CPU
		{8A3015A2-07CE-45DD-A9F9-168FE551DA97}.Debug|Any CPU.Build.0 = Debug|Any CPU
		{8A3015A2-07CE-45DD-A9F9-168FE551DA97}.Release|Any CPU.ActiveCfg = Release|Any CPU
		{8A3015A2-07CE-45DD-A9F9-168FE551DA97}.Release|Any CPU.Build.0 = Release|Any CPU
		{9D3DACB6-4002-4D0E-8C4D-A000CB07504E}.Debug|Any CPU.ActiveCfg = Debug|Any CPU
		{9D3DACB6-4002-4D0E-8C4D-A000CB07504E}.Debug|Any CPU.Build.0 = Debug|Any CPU
		{9D3DACB6-4002-4D0E-8C4D-A000CB07504E}.Release|Any CPU.ActiveCfg = Release|Any CPU
		{9D3DACB6-4002-4D0E-8C4D-A000CB07504E}.Release|Any CPU.Build.0 = Release|Any CPU
		{4CFCB2F6-BAB3-400C-BD18-9FF2F94B4168}.Debug|Any CPU.ActiveCfg = Debug|Any CPU
		{4CFCB2F6-BAB3-400C-BD18-9FF2F94B4168}.Debug|Any CPU.Build.0 = Debug|Any CPU
		{4CFCB2F6-BAB3-400C-BD18-9FF2F94B4168}.Release|Any CPU.ActiveCfg = Release|Any CPU
		{4CFCB2F6-BAB3-400C-BD18-9FF2F94B4168}.Release|Any CPU.Build.0 = Release|Any CPU
		{D5E57D40-B1B4-4FCF-8BAA-4713F064B628}.Debug|Any CPU.ActiveCfg = Debug|Any CPU
		{D5E57D40-B1B4-4FCF-8BAA-4713F064B628}.Debug|Any CPU.Build.0 = Debug|Any CPU
		{D5E57D40-B1B4-4FCF-8BAA-4713F064B628}.Release|Any CPU.ActiveCfg = Release|Any CPU
		{D5E57D40-B1B4-4FCF-8BAA-4713F064B628}.Release|Any CPU.Build.0 = Release|Any CPU
		{95B34CED-D6A9-454A-9CA9-155B73F51862}.Debug|Any CPU.ActiveCfg = Debug|Any CPU
		{95B34CED-D6A9-454A-9CA9-155B73F51862}.Debug|Any CPU.Build.0 = Debug|Any CPU
		{95B34CED-D6A9-454A-9CA9-155B73F51862}.Release|Any CPU.ActiveCfg = Release|Any CPU
		{95B34CED-D6A9-454A-9CA9-155B73F51862}.Release|Any CPU.Build.0 = Release|Any CPU
		{443F7DB6-F4DD-4D5C-B9A6-D81CFDC1DCD9}.Debug|Any CPU.ActiveCfg = Debug|Any CPU
		{443F7DB6-F4DD-4D5C-B9A6-D81CFDC1DCD9}.Debug|Any CPU.Build.0 = Debug|Any CPU
		{443F7DB6-F4DD-4D5C-B9A6-D81CFDC1DCD9}.Release|Any CPU.ActiveCfg = Release|Any CPU
		{443F7DB6-F4DD-4D5C-B9A6-D81CFDC1DCD9}.Release|Any CPU.Build.0 = Release|Any CPU
		{BDF53EBD-91FB-4E29-B93E-88F3869F05D5}.Debug|Any CPU.ActiveCfg = Debug|Any CPU
		{BDF53EBD-91FB-4E29-B93E-88F3869F05D5}.Debug|Any CPU.Build.0 = Debug|Any CPU
		{BDF53EBD-91FB-4E29-B93E-88F3869F05D5}.Release|Any CPU.ActiveCfg = Release|Any CPU
		{BDF53EBD-91FB-4E29-B93E-88F3869F05D5}.Release|Any CPU.Build.0 = Release|Any CPU
		{D53F502E-0D40-4C17-B04C-2BEDF2720718}.Debug|Any CPU.ActiveCfg = Debug|Any CPU
		{D53F502E-0D40-4C17-B04C-2BEDF2720718}.Debug|Any CPU.Build.0 = Debug|Any CPU
		{D53F502E-0D40-4C17-B04C-2BEDF2720718}.Release|Any CPU.ActiveCfg = Release|Any CPU
		{D53F502E-0D40-4C17-B04C-2BEDF2720718}.Release|Any CPU.Build.0 = Release|Any CPU
		{85C9DEE2-9BF6-43E4-AE3B-3A952FFD6A6E}.Debug|Any CPU.ActiveCfg = Debug|Any CPU
		{85C9DEE2-9BF6-43E4-AE3B-3A952FFD6A6E}.Debug|Any CPU.Build.0 = Debug|Any CPU
		{85C9DEE2-9BF6-43E4-AE3B-3A952FFD6A6E}.Release|Any CPU.ActiveCfg = Release|Any CPU
		{85C9DEE2-9BF6-43E4-AE3B-3A952FFD6A6E}.Release|Any CPU.Build.0 = Release|Any CPU
		{32F647D9-7538-4C76-8E84-A5778CC9B847}.Debug|Any CPU.ActiveCfg = Debug|Any CPU
		{32F647D9-7538-4C76-8E84-A5778CC9B847}.Debug|Any CPU.Build.0 = Debug|Any CPU
		{32F647D9-7538-4C76-8E84-A5778CC9B847}.Release|Any CPU.ActiveCfg = Release|Any CPU
		{32F647D9-7538-4C76-8E84-A5778CC9B847}.Release|Any CPU.Build.0 = Release|Any CPU
		{E7C5DD14-D706-4AF1-A89D-38C82F4A4A86}.Debug|Any CPU.ActiveCfg = Debug|Any CPU
		{E7C5DD14-D706-4AF1-A89D-38C82F4A4A86}.Debug|Any CPU.Build.0 = Debug|Any CPU
		{E7C5DD14-D706-4AF1-A89D-38C82F4A4A86}.Release|Any CPU.ActiveCfg = Release|Any CPU
		{E7C5DD14-D706-4AF1-A89D-38C82F4A4A86}.Release|Any CPU.Build.0 = Release|Any CPU
		{FE55D0C1-AE0B-4187-892F-49B3CD9176D3}.Debug|Any CPU.ActiveCfg = Debug|Any CPU
		{FE55D0C1-AE0B-4187-892F-49B3CD9176D3}.Debug|Any CPU.Build.0 = Debug|Any CPU
		{FE55D0C1-AE0B-4187-892F-49B3CD9176D3}.Release|Any CPU.ActiveCfg = Release|Any CPU
		{FE55D0C1-AE0B-4187-892F-49B3CD9176D3}.Release|Any CPU.Build.0 = Release|Any CPU
	EndGlobalSection
	GlobalSection(SolutionProperties) = preSolution
		HideSolutionNode = FALSE
	EndGlobalSection
	GlobalSection(NestedProjects) = preSolution
		{82057451-D7C0-4C21-A0C6-EA62756CDCDD} = {70E071F1-C964-4E15-B6BD-2CA86F413C34}
		{7CEB1F8B-73AE-4528-A006-2B38536DD2DE} = {0C9D8A38-EF5A-4AC7-A858-B31568CAD4EC}
		{8C819B55-99DA-4032-BC19-105B46B03378} = {046F71FF-4CBC-4DAD-B159-10AE6B78E527}
		{86A225DC-0EBD-4490-85E4-62A4D31C4EFC} = {046F71FF-4CBC-4DAD-B159-10AE6B78E527}
		{6913B08E-6409-42AF-947B-893954F80619} = {046F71FF-4CBC-4DAD-B159-10AE6B78E527}
		{B55CC9F1-5111-40BD-91D7-57DB10957A8C} = {E90793C5-AB2D-4D68-8EFC-F6AD0E6E7A39}
		{4C765104-6F23-4271-BEBE-D5CC15B3FEE0} = {E90793C5-AB2D-4D68-8EFC-F6AD0E6E7A39}
		{6FE524B3-F94C-429A-9C37-BEBDDEA67FFE} = {E90793C5-AB2D-4D68-8EFC-F6AD0E6E7A39}
		{8A3015A2-07CE-45DD-A9F9-168FE551DA97} = {685F8C9D-17F5-4D82-8C0D-68B9211FE89D}
		{9D3DACB6-4002-4D0E-8C4D-A000CB07504E} = {685F8C9D-17F5-4D82-8C0D-68B9211FE89D}
		{4CFCB2F6-BAB3-400C-BD18-9FF2F94B4168} = {685F8C9D-17F5-4D82-8C0D-68B9211FE89D}
		{D5E57D40-B1B4-4FCF-8BAA-4713F064B628} = {CCDAD82F-D27C-47E2-9AAB-95ACDC2E15A0}
		{95B34CED-D6A9-454A-9CA9-155B73F51862} = {CCDAD82F-D27C-47E2-9AAB-95ACDC2E15A0}
		{443F7DB6-F4DD-4D5C-B9A6-D81CFDC1DCD9} = {CCDAD82F-D27C-47E2-9AAB-95ACDC2E15A0}
		{BDF53EBD-91FB-4E29-B93E-88F3869F05D5} = {B4C2B11B-C84D-42AF-8F79-E703D9A4F5E3}
		{D53F502E-0D40-4C17-B04C-2BEDF2720718} = {B4C2B11B-C84D-42AF-8F79-E703D9A4F5E3}
		{85C9DEE2-9BF6-43E4-AE3B-3A952FFD6A6E} = {B4C2B11B-C84D-42AF-8F79-E703D9A4F5E3}
		{32F647D9-7538-4C76-8E84-A5778CC9B847} = {FE84FE40-BA77-4120-BC83-E074A39F24FD}
		{E7C5DD14-D706-4AF1-A89D-38C82F4A4A86} = {FE84FE40-BA77-4120-BC83-E074A39F24FD}
		{FE55D0C1-AE0B-4187-892F-49B3CD9176D3} = {FE84FE40-BA77-4120-BC83-E074A39F24FD}
	EndGlobalSection
	GlobalSection(ExtensibilityGlobals) = postSolution
		SolutionGuid = {1E52E37F-68E4-4E9D-927A-D077C84B30D2}
	EndGlobalSection
EndGlobal
